// !$*UTF8*$!
{
	archiveVersion = 1;
	classes = {
	};
	objectVersion = 46;
	objects = {

/* Begin PBXBuildFile section */
		5457672A1BFE4721009FB2FC /* main.m in Sources */ = {isa = PBXBuildFile; fileRef = 545767291BFE4721009FB2FC /* main.m */; };
		5457672D1BFE4721009FB2FC /* AppDelegate.m in Sources */ = {isa = PBXBuildFile; fileRef = 5457672C1BFE4721009FB2FC /* AppDelegate.m */; };
		545767301BFE4721009FB2FC /* ViewController.m in Sources */ = {isa = PBXBuildFile; fileRef = 5457672F1BFE4721009FB2FC /* ViewController.m */; };
		545767331BFE4721009FB2FC /* Main.storyboard in Resources */ = {isa = PBXBuildFile; fileRef = 545767311BFE4721009FB2FC /* Main.storyboard */; };
		545767351BFE4721009FB2FC /* Assets.xcassets in Resources */ = {isa = PBXBuildFile; fileRef = 545767341BFE4721009FB2FC /* Assets.xcassets */; };
		545767381BFE4721009FB2FC /* LaunchScreen.storyboard in Resources */ = {isa = PBXBuildFile; fileRef = 545767361BFE4721009FB2FC /* LaunchScreen.storyboard */; };
/* End PBXBuildFile section */

/* Begin PBXFileReference section */
		545767251BFE4721009FB2FC /* Music.app */ = {isa = PBXFileReference; explicitFileType = wrapper.application; includeInIndex = 0; path = Music.app; sourceTree = BUILT_PRODUCTS_DIR; };
		545767291BFE4721009FB2FC /* main.m */ = {isa = PBXFileReference; lastKnownFileType = sourcecode.c.objc; path = main.m; sourceTree = "<group>"; };
		5457672B1BFE4721009FB2FC /* AppDelegate.h */ = {isa = PBXFileReference; lastKnownFileType = sourcecode.c.h; path = AppDelegate.h; sourceTree = "<group>"; };
		5457672C1BFE4721009FB2FC /* AppDelegate.m */ = {isa = PBXFileReference; lastKnownFileType = sourcecode.c.objc; path = AppDelegate.m; sourceTree = "<group>"; };
		5457672E1BFE4721009FB2FC /* ViewController.h */ = {isa = PBXFileReference; lastKnownFileType = sourcecode.c.h; path = ViewController.h; sourceTree = "<group>"; };
		5457672F1BFE4721009FB2FC /* ViewController.m */ = {isa = PBXFileReference; lastKnownFileType = sourcecode.c.objc; path = ViewController.m; sourceTree = "<group>"; };
		545767321BFE4721009FB2FC /* Base */ = {isa = PBXFileReference; lastKnownFileType = file.storyboard; name = Base; path = Base.lproj/Main.storyboard; sourceTree = "<group>"; };
		545767341BFE4721009FB2FC /* Assets.xcassets */ = {isa = PBXFileReference; lastKnownFileType = folder.assetcatalog; path = Assets.xcassets; sourceTree = "<group>"; };
		545767371BFE4721009FB2FC /* Base */ = {isa = PBXFileReference; lastKnownFileType = file.storyboard; name = Base; path = Base.lproj/LaunchScreen.storyboard; sourceTree = "<group>"; };
		545767391BFE4721009FB2FC /* Info.plist */ = {isa = PBXFileReference; lastKnownFileType = text.plist.xml; path = Info.plist; sourceTree = "<group>"; };
/* End PBXFileReference section */

/* Begin PBXFrameworksBuildPhase section */
		545767221BFE4721009FB2FC /* Frameworks */ = {
			isa = PBXFrameworksBuildPhase;
			buildActionMask = 2147483647;
			files = (
			);
			runOnlyForDeploymentPostprocessing = 0;
		};
/* End PBXFrameworksBuildPhase section */

/* Begin PBXGroup section */
		5457671C1BFE4721009FB2FC = {
			isa = PBXGroup;
			children = (
				545767271BFE4721009FB2FC /* Music */,
				545767261BFE4721009FB2FC /* Products */,
			);
			sourceTree = "<group>";
		};
		545767261BFE4721009FB2FC /* Products */ = {
			isa = PBXGroup;
			children = (
				545767251BFE4721009FB2FC /* Music.app */,
			);
			name = Products;
			sourceTree = "<group>";
		};
		545767271BFE4721009FB2FC /* Music */ = {
			isa = PBXGroup;
			children = (
				5457672B1BFE4721009FB2FC /* AppDelegate.h */,
				5457672C1BFE4721009FB2FC /* AppDelegate.m */,
				5457672E1BFE4721009FB2FC /* ViewController.h */,
				5457672F1BFE4721009FB2FC /* ViewController.m */,
				545767311BFE4721009FB2FC /* Main.storyboard */,
				545767341BFE4721009FB2FC /* Assets.xcassets */,
				545767361BFE4721009FB2FC /* LaunchScreen.storyboard */,
				545767391BFE4721009FB2FC /* Info.plist */,
				545767281BFE4721009FB2FC /* Supporting Files */,
			);
			path = Music;
			sourceTree = "<group>";
		};
		545767281BFE4721009FB2FC /* Supporting Files */ = {
			isa = PBXGroup;
			children = (
				545767291BFE4721009FB2FC /* main.m */,
			);
			name = "Supporting Files";
			sourceTree = "<group>";
		};
/* End PBXGroup section */

/* Begin PBXNativeTarget section */
		545767241BFE4721009FB2FC /* Music */ = {
			isa = PBXNativeTarget;
			buildConfigurationList = 5457673C1BFE4721009FB2FC /* Build configuration list for PBXNativeTarget "Music" */;
			buildPhases = (
				545767211BFE4721009FB2FC /* Sources */,
				545767221BFE4721009FB2FC /* Frameworks */,
				545767231BFE4721009FB2FC /* Resources */,
			);
			buildRules = (
			);
			dependencies = (
			);
			name = Music;
			productName = Music;
			productReference = 545767251BFE4721009FB2FC /* Music.app */;
			productType = "com.apple.product-type.application";
		};
/* End PBXNativeTarget section */

/* Begin PBXProject section */
		5457671D1BFE4721009FB2FC /* Project object */ = {
			isa = PBXProject;
			attributes = {
				LastUpgradeCheck = 0710;
				ORGANIZATIONNAME = "Rahul Patel";
				TargetAttributes = {
					545767241BFE4721009FB2FC = {
						CreatedOnToolsVersion = 7.1.1;
					};
				};
			};
			buildConfigurationList = 545767201BFE4721009FB2FC /* Build configuration list for PBXProject "Music" */;
			compatibilityVersion = "Xcode 3.2";
			developmentRegion = English;
			hasScannedForEncodings = 0;
			knownRegions = (
				en,
				Base,
			);
			mainGroup = 5457671C1BFE4721009FB2FC;
			productRefGroup = 545767261BFE4721009FB2FC /* Products */;
			projectDirPath = "";
			projectRoot = "";
			targets = (
				545767241BFE4721009FB2FC /* Music */,
			);
		};
/* End PBXProject section */

/* Begin PBXResourcesBuildPhase section */
		545767231BFE4721009FB2FC /* Resources */ = {
			isa = PBXResourcesBuildPhase;
			buildActionMask = 2147483647;
			files = (
				545767381BFE4721009FB2FC /* LaunchScreen.storyboard in Resources */,
				545767351BFE4721009FB2FC /* Assets.xcassets in Resources */,
				545767331BFE4721009FB2FC /* Main.storyboard in Resources */,
			);
			runOnlyForDeploymentPostprocessing = 0;
		};
/* End PBXResourcesBuildPhase section */

/* Begin PBXSourcesBuildPhase section */
		545767211BFE4721009FB2FC /* Sources */ = {
			isa = PBXSourcesBuildPhase;
			buildActionMask = 2147483647;
			files = (
				545767301BFE4721009FB2FC /* ViewController.m in Sources */,
				5457672D1BFE4721009FB2FC /* AppDelegate.m in Sources */,
				5457672A1BFE4721009FB2FC /* main.m in Sources */,
			);
			runOnlyForDeploymentPostprocessing = 0;
		};
/* End PBXSourcesBuildPhase section */

/* Begin PBXVariantGroup section */
		545767311BFE4721009FB2FC /* Main.storyboard */ = {
			isa = PBXVariantGroup;
			children = (
				545767321BFE4721009FB2FC /* Base */,
			);
			name = Main.storyboard;
			sourceTree = "<group>";
		};
		545767361BFE4721009FB2FC /* LaunchScreen.storyboard */ = {
			isa = PBXVariantGroup;
			children = (
				545767371BFE4721009FB2FC /* Base */,
			);
			name = LaunchScreen.storyboard;
			sourceTree = "<group>";
		};
/* End PBXVariantGroup section */

/* Begin XCBuildConfiguration section */
		5457673A1BFE4721009FB2FC /* Debug */ = {
			isa = XCBuildConfiguration;
			buildSettings = {
				ALWAYS_SEARCH_USER_PATHS = NO;
				CLANG_CXX_LANGUAGE_STANDARD = "gnu++0x";
				CLANG_CXX_LIBRARY = "libc++";
				CLANG_ENABLE_MODULES = YES;
				CLANG_ENABLE_OBJC_ARC = YES;
				CLANG_WARN_BOOL_CONVERSION = YES;
				CLANG_WARN_CONSTANT_CONVERSION = YES;
				CLANG_WARN_DIRECT_OBJC_ISA_USAGE = YES_ERROR;
				CLANG_WARN_EMPTY_BODY = YES;
				CLANG_WARN_ENUM_CONVERSION = YES;
				CLANG_WARN_INT_CONVERSION = YES;
				CLANG_WARN_OBJC_ROOT_CLASS = YES_ERROR;
				CLANG_WARN_UNREACHABLE_CODE = YES;
				CLANG_WARN__DUPLICATE_METHOD_MATCH = YES;
				"CODE_SIGN_IDENTITY[sdk=iphoneos*]" = "iPhone Developer";
				COPY_PHASE_STRIP = NO;
				DEBUG_INFORMATION_FORMAT = dwarf;
				ENABLE_STRICT_OBJC_MSGSEND = YES;
				ENABLE_TESTABILITY = YES;
				GCC_C_LANGUAGE_STANDARD = gnu99;
				GCC_DYNAMIC_NO_PIC = NO;
				GCC_NO_COMMON_BLOCKS = YES;
				GCC_OPTIMIZATION_LEVEL = 0;
				GCC_PREPROCESSOR_DEFINITIONS = (
					"DEBUG=1",
					"$(inherited)",
				);
				GCC_WARN_64_TO_32_BIT_CONVERSION = YES;
				GCC_WARN_ABOUT_RETURN_TYPE = YES_ERROR;
				GCC_WARN_UNDECLARED_SELECTOR = YES;
				GCC_WARN_UNINITIALIZED_AUTOS = YES_AGGRESSIVE;
				GCC_WARN_UNUSED_FUNCTION = YES;
				GCC_WARN_UNUSED_VARIABLE = YES;
				IPHONEOS_DEPLOYMENT_TARGET = 9.1;
				MTL_ENABLE_DEBUG_INFO = YES;
				ONLY_ACTIVE_ARCH = YES;
				SDKROOT = iphoneos;
				TARGETED_DEVICE_FAMILY = "1,2";
			};
			name = Debug;
		};
		5457673B1BFE4721009FB2FC /* Release */ = {
			isa = XCBuildConfiguration;
			buildSettings = {
				ALWAYS_SEARCH_USER_PATHS = NO;
				CLANG_CXX_LANGUAGE_STANDARD = "gnu++0x";
				CLANG_CXX_LIBRARY = "libc++";
				CLANG_ENABLE_MODULES = YES;
				CLANG_ENABLE_OBJC_ARC = YES;
				CLANG_WARN_BOOL_CONVERSION = YES;
				CLANG_WARN_CONSTANT_CONVERSION = YES;
				CLANG_WARN_DIRECT_OBJC_ISA_USAGE = YES_ERROR;
				CLANG_WARN_EMPTY_BODY = YES;
				CLANG_WARN_ENUM_CONVERSION = YES;
				CLANG_WARN_INT_CONVERSION = YES;
				CLANG_WARN_OBJC_ROOT_CLASS = YES_ERROR;
				CLANG_WARN_UNREACHABLE_CODE = YES;
				CLANG_WARN__DUPLICATE_METHOD_MATCH = YES;
				"CODE_SIGN_IDENTITY[sdk=iphoneos*]" = "iPhone Developer";
				COPY_PHASE_STRIP = NO;
				DEBUG_INFORMATION_FORMAT = "dwarf-with-dsym";
				ENABLE_NS_ASSERTIONS = NO;
				ENABLE_STRICT_OBJC_MSGSEND = YES;
				GCC_C_LANGUAGE_STANDARD = gnu99;
				GCC_NO_COMMON_BLOCKS = YES;
				GCC_WARN_64_TO_32_BIT_CONVERSION = YES;
				GCC_WARN_ABOUT_RETURN_TYPE = YES_ERROR;
				GCC_WARN_UNDECLARED_SELECTOR = YES;
				GCC_WARN_UNINITIALIZED_AUTOS = YES_AGGRESSIVE;
				GCC_WARN_UNUSED_FUNCTION = YES;
				GCC_WARN_UNUSED_VARIABLE = YES;
				IPHONEOS_DEPLOYMENT_TARGET = 9.1;
				MTL_ENABLE_DEBUG_INFO = NO;
				SDKROOT = iphoneos;
				TARGETED_DEVICE_FAMILY = "1,2";
				VALIDATE_PRODUCT = YES;
			};
			name = Release;
		};
		5457673D1BFE4721009FB2FC /* Debug */ = {
			isa = XCBuildConfiguration;
			buildSettings = {
				ASSETCATALOG_COMPILER_APPICON_NAME = AppIcon;
				INFOPLIST_FILE = Music/Info.plist;
				LD_RUNPATH_SEARCH_PATHS = "$(inherited) @executable_path/Frameworks";
				PRODUCT_BUNDLE_IDENTIFIER = com.defineThings.Music;
				PRODUCT_NAME = "$(TARGET_NAME)";
			};
			name = Debug;
		};
		5457673E1BFE4721009FB2FC /* Release */ = {
			isa = XCBuildConfiguration;
			buildSettings = {
				ASSETCATALOG_COMPILER_APPICON_NAME = AppIcon;
				INFOPLIST_FILE = Music/Info.plist;
				LD_RUNPATH_SEARCH_PATHS = "$(inherited) @executable_path/Frameworks";
				PRODUCT_BUNDLE_IDENTIFIER = com.defineThings.Music;
				PRODUCT_NAME = "$(TARGET_NAME)";
			};
			name = Release;
		};
/* End XCBuildConfiguration section */

/* Begin XCConfigurationList section */
		545767201BFE4721009FB2FC /* Build configuration list for PBXProject "Music" */ = {
			isa = XCConfigurationList;
			buildConfigurations = (
				5457673A1BFE4721009FB2FC /* Debug */,
				5457673B1BFE4721009FB2FC /* Release */,
			);
			defaultConfigurationIsVisible = 0;
			defaultConfigurationName = Release;
		};
		5457673C1BFE4721009FB2FC /* Build configuration list for PBXNativeTarget "Music" */ = {
			isa = XCConfigurationList;
			buildConfigurations = (
				5457673D1BFE4721009FB2FC /* Debug */,
				5457673E1BFE4721009FB2FC /* Release */,
			);
			defaultConfigurationIsVisible = 0;
		};
/* End XCConfigurationList section */
	};
	rootObject = 5457671D1BFE4721009FB2FC /* Project object */;
}
