// !$*UTF8*$!
{
	archiveVersion = 1;
	classes = {
	};
	objectVersion = 46;
	objects = {

/* Begin PBXBuildFile section */
		5457672A1BFE4721009FB2FC /* main.m in Sources */ = {isa = PBXBuildFile; fileRef = 545767291BFE4721009FB2FC /* main.m */; };
		545767331BFE4721009FB2FC /* Main.storyboard in Resources */ = {isa = PBXBuildFile; fileRef = 545767311BFE4721009FB2FC /* Main.storyboard */; };
		545767351BFE4721009FB2FC /* Assets.xcassets in Resources */ = {isa = PBXBuildFile; fileRef = 545767341BFE4721009FB2FC /* Assets.xcassets */; };
		545767381BFE4721009FB2FC /* LaunchScreen.storyboard in Resources */ = {isa = PBXBuildFile; fileRef = 545767361BFE4721009FB2FC /* LaunchScreen.storyboard */; };
		546214A11C023B7900729C7D /* AppDelegate.m in Sources */ = {isa = PBXBuildFile; fileRef = 546214961C023B7900729C7D /* AppDelegate.m */; };
		546214A21C023B7900729C7D /* LoginViewController.m in Sources */ = {isa = PBXBuildFile; fileRef = 5462149A1C023B7900729C7D /* LoginViewController.m */; };
		546214A31C023B7900729C7D /* MusicPlayerViewController.m in Sources */ = {isa = PBXBuildFile; fileRef = 5462149D1C023B7900729C7D /* MusicPlayerViewController.m */; };
		546214A41C023B7900729C7D /* SideBarViewController.m in Sources */ = {isa = PBXBuildFile; fileRef = 546214A01C023B7900729C7D /* SideBarViewController.m */; };
		546214C11C023C1400729C7D /* DLRadioButton.m in Sources */ = {isa = PBXBuildFile; fileRef = 546214A81C023C1400729C7D /* DLRadioButton.m */; };
		546214C31C023C1400729C7D /* JVFloatLabeledTextField.m in Sources */ = {isa = PBXBuildFile; fileRef = 546214AE1C023C1400729C7D /* JVFloatLabeledTextField.m */; };
		546214C41C023C1400729C7D /* JVFloatLabeledTextView.m in Sources */ = {isa = PBXBuildFile; fileRef = 546214B01C023C1400729C7D /* JVFloatLabeledTextView.m */; };
		546214C51C023C1400729C7D /* NSString+TextDirectionality.m in Sources */ = {isa = PBXBuildFile; fileRef = 546214B21C023C1400729C7D /* NSString+TextDirectionality.m */; };
		546214C61C023C1400729C7D /* SlideNavigationContorllerAnimatorFade.m in Sources */ = {isa = PBXBuildFile; fileRef = 546214B61C023C1400729C7D /* SlideNavigationContorllerAnimatorFade.m */; };
		546214C71C023C1400729C7D /* SlideNavigationContorllerAnimatorScale.m in Sources */ = {isa = PBXBuildFile; fileRef = 546214B81C023C1400729C7D /* SlideNavigationContorllerAnimatorScale.m */; };
		546214C81C023C1400729C7D /* SlideNavigationContorllerAnimatorScaleAndFade.m in Sources */ = {isa = PBXBuildFile; fileRef = 546214BA1C023C1400729C7D /* SlideNavigationContorllerAnimatorScaleAndFade.m */; };
		546214C91C023C1400729C7D /* SlideNavigationContorllerAnimatorSlide.m in Sources */ = {isa = PBXBuildFile; fileRef = 546214BC1C023C1400729C7D /* SlideNavigationContorllerAnimatorSlide.m */; };
		546214CA1C023C1400729C7D /* SlideNavigationContorllerAnimatorSlideAndFade.m in Sources */ = {isa = PBXBuildFile; fileRef = 546214BE1C023C1400729C7D /* SlideNavigationContorllerAnimatorSlideAndFade.m */; };
		546214CB1C023C1400729C7D /* SlideNavigationController.m in Sources */ = {isa = PBXBuildFile; fileRef = 546214C01C023C1400729C7D /* SlideNavigationController.m */; };
		549D1EDE1C0CD9E10056B596 /* JJMaterialTextfield.m in Sources */ = {isa = PBXBuildFile; fileRef = 549D1EDD1C0CD9E10056B596 /* JJMaterialTextfield.m */; };
		54DC0E3D1C0817C800282612 /* CollaborateSearchViewController.m in Sources */ = {isa = PBXBuildFile; fileRef = 54DC0E3C1C0817C800282612 /* CollaborateSearchViewController.m */; };
		54DC0E451C08188200282612 /* NextViewController.m in Sources */ = {isa = PBXBuildFile; fileRef = 54DC0E441C08188200282612 /* NextViewController.m */; };
		54DC0E491C0818D600282612 /* RecordYesorNoViewController.m in Sources */ = {isa = PBXBuildFile; fileRef = 54DC0E481C0818D600282612 /* RecordYesorNoViewController.m */; };
		54DC0E4D1C08194200282612 /* RegisterViewController.m in Sources */ = {isa = PBXBuildFile; fileRef = 54DC0E4C1C08194200282612 /* RegisterViewController.m */; };
		54DC0E511C0819A700282612 /* RecordViewController.m in Sources */ = {isa = PBXBuildFile; fileRef = 54DC0E501C0819A700282612 /* RecordViewController.m */; };
		54DC0E551C081A1100282612 /* notificationViewController.m in Sources */ = {isa = PBXBuildFile; fileRef = 54DC0E541C081A1100282612 /* notificationViewController.m */; };
		54DC0E591C081A6400282612 /* RecordingProcessViewController.m in Sources */ = {isa = PBXBuildFile; fileRef = 54DC0E581C081A6400282612 /* RecordingProcessViewController.m */; };
		770F73221C0B0E56003F901B /* CollaborateTableViewCell.m in Sources */ = {isa = PBXBuildFile; fileRef = 770F73211C0B0E56003F901B /* CollaborateTableViewCell.m */; };
		77552E5A1C0AD71B00C503FE /* PlayListViewController.m in Sources */ = {isa = PBXBuildFile; fileRef = 77552E591C0AD71B00C503FE /* PlayListViewController.m */; };
		77A0D4321C0A36E4006FE66E /* ArtistSuffleViewCViewController.m in Sources */ = {isa = PBXBuildFile; fileRef = 77A0D4311C0A36E4006FE66E /* ArtistSuffleViewCViewController.m */; };
		77A0D4351C0A371A006FE66E /* ArtistListCollectionViewCell.m in Sources */ = {isa = PBXBuildFile; fileRef = 77A0D4341C0A371A006FE66E /* ArtistListCollectionViewCell.m */; };
/* End PBXBuildFile section */

/* Begin PBXFileReference section */
		545767251BFE4721009FB2FC /* Music.app */ = {isa = PBXFileReference; explicitFileType = wrapper.application; includeInIndex = 0; path = Music.app; sourceTree = BUILT_PRODUCTS_DIR; };
		545767291BFE4721009FB2FC /* main.m */ = {isa = PBXFileReference; lastKnownFileType = sourcecode.c.objc; path = main.m; sourceTree = "<group>"; };
		545767321BFE4721009FB2FC /* Base */ = {isa = PBXFileReference; lastKnownFileType = file.storyboard; name = Base; path = Base.lproj/Main.storyboard; sourceTree = "<group>"; };
		545767341BFE4721009FB2FC /* Assets.xcassets */ = {isa = PBXFileReference; lastKnownFileType = folder.assetcatalog; path = Assets.xcassets; sourceTree = "<group>"; };
		545767371BFE4721009FB2FC /* Base */ = {isa = PBXFileReference; lastKnownFileType = file.storyboard; name = Base; path = Base.lproj/LaunchScreen.storyboard; sourceTree = "<group>"; };
		545767391BFE4721009FB2FC /* Info.plist */ = {isa = PBXFileReference; lastKnownFileType = text.plist.xml; path = Info.plist; sourceTree = "<group>"; };
		546214951C023B7900729C7D /* AppDelegate.h */ = {isa = PBXFileReference; fileEncoding = 4; lastKnownFileType = sourcecode.c.h; path = AppDelegate.h; sourceTree = "<group>"; };
		546214961C023B7900729C7D /* AppDelegate.m */ = {isa = PBXFileReference; fileEncoding = 4; lastKnownFileType = sourcecode.c.objc; path = AppDelegate.m; sourceTree = "<group>"; };
		546214991C023B7900729C7D /* LoginViewController.h */ = {isa = PBXFileReference; fileEncoding = 4; lastKnownFileType = sourcecode.c.h; path = LoginViewController.h; sourceTree = "<group>"; };
		5462149A1C023B7900729C7D /* LoginViewController.m */ = {isa = PBXFileReference; fileEncoding = 4; lastKnownFileType = sourcecode.c.objc; path = LoginViewController.m; sourceTree = "<group>"; };
		5462149C1C023B7900729C7D /* MusicPlayerViewController.h */ = {isa = PBXFileReference; fileEncoding = 4; lastKnownFileType = sourcecode.c.h; path = MusicPlayerViewController.h; sourceTree = "<group>"; };
		5462149D1C023B7900729C7D /* MusicPlayerViewController.m */ = {isa = PBXFileReference; fileEncoding = 4; lastKnownFileType = sourcecode.c.objc; path = MusicPlayerViewController.m; sourceTree = "<group>"; };
		5462149F1C023B7900729C7D /* SideBarViewController.h */ = {isa = PBXFileReference; fileEncoding = 4; lastKnownFileType = sourcecode.c.h; path = SideBarViewController.h; sourceTree = "<group>"; };
		546214A01C023B7900729C7D /* SideBarViewController.m */ = {isa = PBXFileReference; fileEncoding = 4; lastKnownFileType = sourcecode.c.objc; path = SideBarViewController.m; sourceTree = "<group>"; };
		546214A71C023C1400729C7D /* DLRadioButton.h */ = {isa = PBXFileReference; fileEncoding = 4; lastKnownFileType = sourcecode.c.h; path = DLRadioButton.h; sourceTree = "<group>"; };
		546214A81C023C1400729C7D /* DLRadioButton.m */ = {isa = PBXFileReference; fileEncoding = 4; lastKnownFileType = sourcecode.c.objc; path = DLRadioButton.m; sourceTree = "<group>"; };
		546214AD1C023C1400729C7D /* JVFloatLabeledTextField.h */ = {isa = PBXFileReference; fileEncoding = 4; lastKnownFileType = sourcecode.c.h; path = JVFloatLabeledTextField.h; sourceTree = "<group>"; };
		546214AE1C023C1400729C7D /* JVFloatLabeledTextField.m */ = {isa = PBXFileReference; fileEncoding = 4; lastKnownFileType = sourcecode.c.objc; path = JVFloatLabeledTextField.m; sourceTree = "<group>"; };
		546214AF1C023C1400729C7D /* JVFloatLabeledTextView.h */ = {isa = PBXFileReference; fileEncoding = 4; lastKnownFileType = sourcecode.c.h; path = JVFloatLabeledTextView.h; sourceTree = "<group>"; };
		546214B01C023C1400729C7D /* JVFloatLabeledTextView.m */ = {isa = PBXFileReference; fileEncoding = 4; lastKnownFileType = sourcecode.c.objc; path = JVFloatLabeledTextView.m; sourceTree = "<group>"; };
		546214B11C023C1400729C7D /* NSString+TextDirectionality.h */ = {isa = PBXFileReference; fileEncoding = 4; lastKnownFileType = sourcecode.c.h; path = "NSString+TextDirectionality.h"; sourceTree = "<group>"; };
		546214B21C023C1400729C7D /* NSString+TextDirectionality.m */ = {isa = PBXFileReference; fileEncoding = 4; lastKnownFileType = sourcecode.c.objc; path = "NSString+TextDirectionality.m"; sourceTree = "<group>"; };
		546214B41C023C1400729C7D /* SlideNavigationContorllerAnimator.h */ = {isa = PBXFileReference; fileEncoding = 4; lastKnownFileType = sourcecode.c.h; path = SlideNavigationContorllerAnimator.h; sourceTree = "<group>"; };
		546214B51C023C1400729C7D /* SlideNavigationContorllerAnimatorFade.h */ = {isa = PBXFileReference; fileEncoding = 4; lastKnownFileType = sourcecode.c.h; path = SlideNavigationContorllerAnimatorFade.h; sourceTree = "<group>"; };
		546214B61C023C1400729C7D /* SlideNavigationContorllerAnimatorFade.m */ = {isa = PBXFileReference; fileEncoding = 4; lastKnownFileType = sourcecode.c.objc; path = SlideNavigationContorllerAnimatorFade.m; sourceTree = "<group>"; };
		546214B71C023C1400729C7D /* SlideNavigationContorllerAnimatorScale.h */ = {isa = PBXFileReference; fileEncoding = 4; lastKnownFileType = sourcecode.c.h; path = SlideNavigationContorllerAnimatorScale.h; sourceTree = "<group>"; };
		546214B81C023C1400729C7D /* SlideNavigationContorllerAnimatorScale.m */ = {isa = PBXFileReference; fileEncoding = 4; lastKnownFileType = sourcecode.c.objc; path = SlideNavigationContorllerAnimatorScale.m; sourceTree = "<group>"; };
		546214B91C023C1400729C7D /* SlideNavigationContorllerAnimatorScaleAndFade.h */ = {isa = PBXFileReference; fileEncoding = 4; lastKnownFileType = sourcecode.c.h; path = SlideNavigationContorllerAnimatorScaleAndFade.h; sourceTree = "<group>"; };
		546214BA1C023C1400729C7D /* SlideNavigationContorllerAnimatorScaleAndFade.m */ = {isa = PBXFileReference; fileEncoding = 4; lastKnownFileType = sourcecode.c.objc; path = SlideNavigationContorllerAnimatorScaleAndFade.m; sourceTree = "<group>"; };
		546214BB1C023C1400729C7D /* SlideNavigationContorllerAnimatorSlide.h */ = {isa = PBXFileReference; fileEncoding = 4; lastKnownFileType = sourcecode.c.h; path = SlideNavigationContorllerAnimatorSlide.h; sourceTree = "<group>"; };
		546214BC1C023C1400729C7D /* SlideNavigationContorllerAnimatorSlide.m */ = {isa = PBXFileReference; fileEncoding = 4; lastKnownFileType = sourcecode.c.objc; path = SlideNavigationContorllerAnimatorSlide.m; sourceTree = "<group>"; };
		546214BD1C023C1400729C7D /* SlideNavigationContorllerAnimatorSlideAndFade.h */ = {isa = PBXFileReference; fileEncoding = 4; lastKnownFileType = sourcecode.c.h; path = SlideNavigationContorllerAnimatorSlideAndFade.h; sourceTree = "<group>"; };
		546214BE1C023C1400729C7D /* SlideNavigationContorllerAnimatorSlideAndFade.m */ = {isa = PBXFileReference; fileEncoding = 4; lastKnownFileType = sourcecode.c.objc; path = SlideNavigationContorllerAnimatorSlideAndFade.m; sourceTree = "<group>"; };
		546214BF1C023C1400729C7D /* SlideNavigationController.h */ = {isa = PBXFileReference; fileEncoding = 4; lastKnownFileType = sourcecode.c.h; path = SlideNavigationController.h; sourceTree = "<group>"; };
		546214C01C023C1400729C7D /* SlideNavigationController.m */ = {isa = PBXFileReference; fileEncoding = 4; lastKnownFileType = sourcecode.c.objc; path = SlideNavigationController.m; sourceTree = "<group>"; };
		549D1EDC1C0CD9E10056B596 /* JJMaterialTextfield.h */ = {isa = PBXFileReference; fileEncoding = 4; lastKnownFileType = sourcecode.c.h; path = JJMaterialTextfield.h; sourceTree = "<group>"; };
		549D1EDD1C0CD9E10056B596 /* JJMaterialTextfield.m */ = {isa = PBXFileReference; fileEncoding = 4; lastKnownFileType = sourcecode.c.objc; path = JJMaterialTextfield.m; sourceTree = "<group>"; };
		54DC0E3B1C0817C800282612 /* CollaborateSearchViewController.h */ = {isa = PBXFileReference; fileEncoding = 4; lastKnownFileType = sourcecode.c.h; name = CollaborateSearchViewController.h; path = "Collaborate Search/CollaborateSearchViewController.h"; sourceTree = "<group>"; };
		54DC0E3C1C0817C800282612 /* CollaborateSearchViewController.m */ = {isa = PBXFileReference; fileEncoding = 4; lastKnownFileType = sourcecode.c.objc; name = CollaborateSearchViewController.m; path = "Collaborate Search/CollaborateSearchViewController.m"; sourceTree = "<group>"; };
		54DC0E431C08188200282612 /* NextViewController.h */ = {isa = PBXFileReference; fileEncoding = 4; lastKnownFileType = sourcecode.c.h; name = NextViewController.h; path = Login/NextViewController.h; sourceTree = "<group>"; };
		54DC0E441C08188200282612 /* NextViewController.m */ = {isa = PBXFileReference; fileEncoding = 4; lastKnownFileType = sourcecode.c.objc; name = NextViewController.m; path = Login/NextViewController.m; sourceTree = "<group>"; };
		54DC0E471C0818D600282612 /* RecordYesorNoViewController.h */ = {isa = PBXFileReference; fileEncoding = 4; lastKnownFileType = sourcecode.c.h; name = RecordYesorNoViewController.h; path = RecordYesOrNo/RecordYesorNoViewController.h; sourceTree = "<group>"; };
		54DC0E481C0818D600282612 /* RecordYesorNoViewController.m */ = {isa = PBXFileReference; fileEncoding = 4; lastKnownFileType = sourcecode.c.objc; name = RecordYesorNoViewController.m; path = RecordYesOrNo/RecordYesorNoViewController.m; sourceTree = "<group>"; };
		54DC0E4B1C08194200282612 /* RegisterViewController.h */ = {isa = PBXFileReference; fileEncoding = 4; lastKnownFileType = sourcecode.c.h; name = RegisterViewController.h; path = RegisterVC/RegisterViewController.h; sourceTree = "<group>"; };
		54DC0E4C1C08194200282612 /* RegisterViewController.m */ = {isa = PBXFileReference; fileEncoding = 4; lastKnownFileType = sourcecode.c.objc; name = RegisterViewController.m; path = RegisterVC/RegisterViewController.m; sourceTree = "<group>"; };
		54DC0E4F1C0819A700282612 /* RecordViewController.h */ = {isa = PBXFileReference; fileEncoding = 4; lastKnownFileType = sourcecode.c.h; name = RecordViewController.h; path = RecordVC/RecordViewController.h; sourceTree = "<group>"; };
		54DC0E501C0819A700282612 /* RecordViewController.m */ = {isa = PBXFileReference; fileEncoding = 4; lastKnownFileType = sourcecode.c.objc; name = RecordViewController.m; path = RecordVC/RecordViewController.m; sourceTree = "<group>"; };
		54DC0E531C081A1100282612 /* notificationViewController.h */ = {isa = PBXFileReference; fileEncoding = 4; lastKnownFileType = sourcecode.c.h; name = notificationViewController.h; path = Notification/notificationViewController.h; sourceTree = "<group>"; };
		54DC0E541C081A1100282612 /* notificationViewController.m */ = {isa = PBXFileReference; fileEncoding = 4; lastKnownFileType = sourcecode.c.objc; name = notificationViewController.m; path = Notification/notificationViewController.m; sourceTree = "<group>"; };
		54DC0E571C081A6400282612 /* RecordingProcessViewController.h */ = {isa = PBXFileReference; fileEncoding = 4; lastKnownFileType = sourcecode.c.h; name = RecordingProcessViewController.h; path = Recording/RecordingProcessViewController.h; sourceTree = "<group>"; };
		54DC0E581C081A6400282612 /* RecordingProcessViewController.m */ = {isa = PBXFileReference; fileEncoding = 4; lastKnownFileType = sourcecode.c.objc; name = RecordingProcessViewController.m; path = Recording/RecordingProcessViewController.m; sourceTree = "<group>"; };
		770F73201C0B0E56003F901B /* CollaborateTableViewCell.h */ = {isa = PBXFileReference; fileEncoding = 4; lastKnownFileType = sourcecode.c.h; path = CollaborateTableViewCell.h; sourceTree = "<group>"; };
		770F73211C0B0E56003F901B /* CollaborateTableViewCell.m */ = {isa = PBXFileReference; fileEncoding = 4; lastKnownFileType = sourcecode.c.objc; path = CollaborateTableViewCell.m; sourceTree = "<group>"; };
		77552E581C0AD71B00C503FE /* PlayListViewController.h */ = {isa = PBXFileReference; fileEncoding = 4; lastKnownFileType = sourcecode.c.h; path = PlayListViewController.h; sourceTree = "<group>"; };
		77552E591C0AD71B00C503FE /* PlayListViewController.m */ = {isa = PBXFileReference; fileEncoding = 4; lastKnownFileType = sourcecode.c.objc; path = PlayListViewController.m; sourceTree = "<group>"; };
		77A0D4301C0A36E4006FE66E /* ArtistSuffleViewCViewController.h */ = {isa = PBXFileReference; fileEncoding = 4; lastKnownFileType = sourcecode.c.h; path = ArtistSuffleViewCViewController.h; sourceTree = "<group>"; };
		77A0D4311C0A36E4006FE66E /* ArtistSuffleViewCViewController.m */ = {isa = PBXFileReference; fileEncoding = 4; lastKnownFileType = sourcecode.c.objc; path = ArtistSuffleViewCViewController.m; sourceTree = "<group>"; };
		77A0D4331C0A371A006FE66E /* ArtistListCollectionViewCell.h */ = {isa = PBXFileReference; fileEncoding = 4; lastKnownFileType = sourcecode.c.h; path = ArtistListCollectionViewCell.h; sourceTree = "<group>"; };
		77A0D4341C0A371A006FE66E /* ArtistListCollectionViewCell.m */ = {isa = PBXFileReference; fileEncoding = 4; lastKnownFileType = sourcecode.c.objc; path = ArtistListCollectionViewCell.m; sourceTree = "<group>"; };
/* End PBXFileReference section */

/* Begin PBXFrameworksBuildPhase section */
		545767221BFE4721009FB2FC /* Frameworks */ = {
			isa = PBXFrameworksBuildPhase;
			buildActionMask = 2147483647;
			files = (
			);
			runOnlyForDeploymentPostprocessing = 0;
		};
/* End PBXFrameworksBuildPhase section */

/* Begin PBXGroup section */
		5457671C1BFE4721009FB2FC = {
			isa = PBXGroup;
			children = (
				545767271BFE4721009FB2FC /* Music */,
				545767261BFE4721009FB2FC /* Products */,
			);
			sourceTree = "<group>";
		};
		545767261BFE4721009FB2FC /* Products */ = {
			isa = PBXGroup;
			children = (
				545767251BFE4721009FB2FC /* Music.app */,
			);
			name = Products;
			sourceTree = "<group>";
		};
		545767271BFE4721009FB2FC /* Music */ = {
			isa = PBXGroup;
			children = (
				546214A51C023C1400729C7D /* Resources */,
				546214941C023B7900729C7D /* AppDelegate */,
				546214971C023B7900729C7D /* MusicPlayerViewController */,
				5462149E1C023B7900729C7D /* SideMenu */,
				545767311BFE4721009FB2FC /* Main.storyboard */,
				545767341BFE4721009FB2FC /* Assets.xcassets */,
				545767361BFE4721009FB2FC /* LaunchScreen.storyboard */,
				545767391BFE4721009FB2FC /* Info.plist */,
				545767281BFE4721009FB2FC /* Supporting Files */,
			);
			path = Music;
			sourceTree = "<group>";
		};
		545767281BFE4721009FB2FC /* Supporting Files */ = {
			isa = PBXGroup;
			children = (
				545767291BFE4721009FB2FC /* main.m */,
			);
			name = "Supporting Files";
			sourceTree = "<group>";
		};
		546214941C023B7900729C7D /* AppDelegate */ = {
			isa = PBXGroup;
			children = (
				546214951C023B7900729C7D /* AppDelegate.h */,
				546214961C023B7900729C7D /* AppDelegate.m */,
			);
			path = AppDelegate;
			sourceTree = "<group>";
		};
		546214971C023B7900729C7D /* MusicPlayerViewController */ = {
			isa = PBXGroup;
			children = (
				77552E571C0AD6F400C503FE /* PlayList VC */,
				77A0D42F1C0A36B5006FE66E /* ArtistSuffle */,
				546214981C023B7900729C7D /* LoginVc */,
				5462149B1C023B7900729C7D /* MusicPlayerVC */,
				54DC0E3E1C0817F100282612 /* Collaborate Search */,
				54DC0E461C08188F00282612 /* NextVC */,
				54DC0E4A1C0818DD00282612 /* RecordYesorNo */,
				54DC0E4E1C08195500282612 /* RegisterVC */,
				54DC0E521C0819B900282612 /* RecordVC */,
				54DC0E561C081A1A00282612 /* Notifications */,
				54DC0E5A1C081A6D00282612 /* RecordingProcess */,
			);
			path = MusicPlayerViewController;
			sourceTree = "<group>";
		};
		546214981C023B7900729C7D /* LoginVc */ = {
			isa = PBXGroup;
			children = (
				546214991C023B7900729C7D /* LoginViewController.h */,
				5462149A1C023B7900729C7D /* LoginViewController.m */,
			);
			path = LoginVc;
			sourceTree = "<group>";
		};
		5462149B1C023B7900729C7D /* MusicPlayerVC */ = {
			isa = PBXGroup;
			children = (
				5462149C1C023B7900729C7D /* MusicPlayerViewController.h */,
				5462149D1C023B7900729C7D /* MusicPlayerViewController.m */,
			);
			path = MusicPlayerVC;
			sourceTree = "<group>";
		};
		5462149E1C023B7900729C7D /* SideMenu */ = {
			isa = PBXGroup;
			children = (
				5462149F1C023B7900729C7D /* SideBarViewController.h */,
				546214A01C023B7900729C7D /* SideBarViewController.m */,
			);
			path = SideMenu;
			sourceTree = "<group>";
		};
		546214A51C023C1400729C7D /* Resources */ = {
			isa = PBXGroup;
			children = (
				546214A61C023C1400729C7D /* DLRadioButton */,
				546214A91C023C1400729C7D /* JJTextField */,
				546214AC1C023C1400729C7D /* JVFloatLabeledTextField */,
				546214B31C023C1400729C7D /* SlideBar */,
			);
			path = Resources;
			sourceTree = "<group>";
		};
		546214A61C023C1400729C7D /* DLRadioButton */ = {
			isa = PBXGroup;
			children = (
				546214A71C023C1400729C7D /* DLRadioButton.h */,
				546214A81C023C1400729C7D /* DLRadioButton.m */,
			);
			path = DLRadioButton;
			sourceTree = "<group>";
		};
		546214A91C023C1400729C7D /* JJTextField */ = {
			isa = PBXGroup;
			children = (
				549D1EDC1C0CD9E10056B596 /* JJMaterialTextfield.h */,
				549D1EDD1C0CD9E10056B596 /* JJMaterialTextfield.m */,
			);
			path = JJTextField;
			sourceTree = "<group>";
		};
		546214AC1C023C1400729C7D /* JVFloatLabeledTextField */ = {
			isa = PBXGroup;
			children = (
				546214AD1C023C1400729C7D /* JVFloatLabeledTextField.h */,
				546214AE1C023C1400729C7D /* JVFloatLabeledTextField.m */,
				546214AF1C023C1400729C7D /* JVFloatLabeledTextView.h */,
				546214B01C023C1400729C7D /* JVFloatLabeledTextView.m */,
				546214B11C023C1400729C7D /* NSString+TextDirectionality.h */,
				546214B21C023C1400729C7D /* NSString+TextDirectionality.m */,
			);
			path = JVFloatLabeledTextField;
			sourceTree = "<group>";
		};
		546214B31C023C1400729C7D /* SlideBar */ = {
			isa = PBXGroup;
			children = (
				546214B41C023C1400729C7D /* SlideNavigationContorllerAnimator.h */,
				546214B51C023C1400729C7D /* SlideNavigationContorllerAnimatorFade.h */,
				546214B61C023C1400729C7D /* SlideNavigationContorllerAnimatorFade.m */,
				546214B71C023C1400729C7D /* SlideNavigationContorllerAnimatorScale.h */,
				546214B81C023C1400729C7D /* SlideNavigationContorllerAnimatorScale.m */,
				546214B91C023C1400729C7D /* SlideNavigationContorllerAnimatorScaleAndFade.h */,
				546214BA1C023C1400729C7D /* SlideNavigationContorllerAnimatorScaleAndFade.m */,
				546214BB1C023C1400729C7D /* SlideNavigationContorllerAnimatorSlide.h */,
				546214BC1C023C1400729C7D /* SlideNavigationContorllerAnimatorSlide.m */,
				546214BD1C023C1400729C7D /* SlideNavigationContorllerAnimatorSlideAndFade.h */,
				546214BE1C023C1400729C7D /* SlideNavigationContorllerAnimatorSlideAndFade.m */,
				546214BF1C023C1400729C7D /* SlideNavigationController.h */,
				546214C01C023C1400729C7D /* SlideNavigationController.m */,
			);
			path = SlideBar;
			sourceTree = "<group>";
		};
		54DC0E3E1C0817F100282612 /* Collaborate Search */ = {
			isa = PBXGroup;
			children = (
				54DC0E3B1C0817C800282612 /* CollaborateSearchViewController.h */,
				54DC0E3C1C0817C800282612 /* CollaborateSearchViewController.m */,
				770F73201C0B0E56003F901B /* CollaborateTableViewCell.h */,
				770F73211C0B0E56003F901B /* CollaborateTableViewCell.m */,
			);
			name = "Collaborate Search";
			sourceTree = "<group>";
		};
		54DC0E461C08188F00282612 /* NextVC */ = {
			isa = PBXGroup;
			children = (
				54DC0E431C08188200282612 /* NextViewController.h */,
				54DC0E441C08188200282612 /* NextViewController.m */,
			);
			name = NextVC;
			sourceTree = "<group>";
		};
		54DC0E4A1C0818DD00282612 /* RecordYesorNo */ = {
			isa = PBXGroup;
			children = (
				54DC0E471C0818D600282612 /* RecordYesorNoViewController.h */,
				54DC0E481C0818D600282612 /* RecordYesorNoViewController.m */,
			);
			name = RecordYesorNo;
			sourceTree = "<group>";
		};
		54DC0E4E1C08195500282612 /* RegisterVC */ = {
			isa = PBXGroup;
			children = (
				54DC0E4B1C08194200282612 /* RegisterViewController.h */,
				54DC0E4C1C08194200282612 /* RegisterViewController.m */,
			);
			name = RegisterVC;
			sourceTree = "<group>";
		};
		54DC0E521C0819B900282612 /* RecordVC */ = {
			isa = PBXGroup;
			children = (
				54DC0E4F1C0819A700282612 /* RecordViewController.h */,
				54DC0E501C0819A700282612 /* RecordViewController.m */,
			);
			name = RecordVC;
			sourceTree = "<group>";
		};
		54DC0E561C081A1A00282612 /* Notifications */ = {
			isa = PBXGroup;
			children = (
				54DC0E531C081A1100282612 /* notificationViewController.h */,
				54DC0E541C081A1100282612 /* notificationViewController.m */,
			);
			name = Notifications;
			sourceTree = "<group>";
		};
		54DC0E5A1C081A6D00282612 /* RecordingProcess */ = {
			isa = PBXGroup;
			children = (
				54DC0E571C081A6400282612 /* RecordingProcessViewController.h */,
				54DC0E581C081A6400282612 /* RecordingProcessViewController.m */,
			);
			name = RecordingProcess;
			sourceTree = "<group>";
		};
		77552E571C0AD6F400C503FE /* PlayList VC */ = {
			isa = PBXGroup;
			children = (
				77552E581C0AD71B00C503FE /* PlayListViewController.h */,
				77552E591C0AD71B00C503FE /* PlayListViewController.m */,
			);
			name = "PlayList VC";
			sourceTree = "<group>";
		};
		77A0D42F1C0A36B5006FE66E /* ArtistSuffle */ = {
			isa = PBXGroup;
			children = (
				77A0D4301C0A36E4006FE66E /* ArtistSuffleViewCViewController.h */,
				77A0D4311C0A36E4006FE66E /* ArtistSuffleViewCViewController.m */,
				77A0D4331C0A371A006FE66E /* ArtistListCollectionViewCell.h */,
				77A0D4341C0A371A006FE66E /* ArtistListCollectionViewCell.m */,
			);
			name = ArtistSuffle;
			sourceTree = "<group>";
		};
/* End PBXGroup section */

/* Begin PBXNativeTarget section */
		545767241BFE4721009FB2FC /* Music */ = {
			isa = PBXNativeTarget;
			buildConfigurationList = 5457673C1BFE4721009FB2FC /* Build configuration list for PBXNativeTarget "Music" */;
			buildPhases = (
				545767211BFE4721009FB2FC /* Sources */,
				545767221BFE4721009FB2FC /* Frameworks */,
				545767231BFE4721009FB2FC /* Resources */,
			);
			buildRules = (
			);
			dependencies = (
			);
			name = Music;
			productName = Music;
			productReference = 545767251BFE4721009FB2FC /* Music.app */;
			productType = "com.apple.product-type.application";
		};
/* End PBXNativeTarget section */

/* Begin PBXProject section */
		5457671D1BFE4721009FB2FC /* Project object */ = {
			isa = PBXProject;
			attributes = {
				LastUpgradeCheck = 0710;
				ORGANIZATIONNAME = "Rahul Patel";
				TargetAttributes = {
					545767241BFE4721009FB2FC = {
						CreatedOnToolsVersion = 7.1.1;
					};
				};
			};
			buildConfigurationList = 545767201BFE4721009FB2FC /* Build configuration list for PBXProject "Music" */;
			compatibilityVersion = "Xcode 3.2";
			developmentRegion = English;
			hasScannedForEncodings = 0;
			knownRegions = (
				en,
				Base,
			);
			mainGroup = 5457671C1BFE4721009FB2FC;
			productRefGroup = 545767261BFE4721009FB2FC /* Products */;
			projectDirPath = "";
			projectRoot = "";
			targets = (
				545767241BFE4721009FB2FC /* Music */,
			);
		};
/* End PBXProject section */

/* Begin PBXResourcesBuildPhase section */
		545767231BFE4721009FB2FC /* Resources */ = {
			isa = PBXResourcesBuildPhase;
			buildActionMask = 2147483647;
			files = (
				545767381BFE4721009FB2FC /* LaunchScreen.storyboard in Resources */,
				545767351BFE4721009FB2FC /* Assets.xcassets in Resources */,
				545767331BFE4721009FB2FC /* Main.storyboard in Resources */,
			);
			runOnlyForDeploymentPostprocessing = 0;
		};
/* End PBXResourcesBuildPhase section */

/* Begin PBXSourcesBuildPhase section */
		545767211BFE4721009FB2FC /* Sources */ = {
			isa = PBXSourcesBuildPhase;
			buildActionMask = 2147483647;
			files = (
				546214C61C023C1400729C7D /* SlideNavigationContorllerAnimatorFade.m in Sources */,
				54DC0E451C08188200282612 /* NextViewController.m in Sources */,
				546214A11C023B7900729C7D /* AppDelegate.m in Sources */,
				546214C11C023C1400729C7D /* DLRadioButton.m in Sources */,
				54DC0E551C081A1100282612 /* notificationViewController.m in Sources */,
				77A0D4351C0A371A006FE66E /* ArtistListCollectionViewCell.m in Sources */,
				549D1EDE1C0CD9E10056B596 /* JJMaterialTextfield.m in Sources */,
				54DC0E491C0818D600282612 /* RecordYesorNoViewController.m in Sources */,
				77A0D4321C0A36E4006FE66E /* ArtistSuffleViewCViewController.m in Sources */,
				5457672A1BFE4721009FB2FC /* main.m in Sources */,
				546214C31C023C1400729C7D /* JVFloatLabeledTextField.m in Sources */,
				546214C91C023C1400729C7D /* SlideNavigationContorllerAnimatorSlide.m in Sources */,
				546214A21C023B7900729C7D /* LoginViewController.m in Sources */,
				54DC0E591C081A6400282612 /* RecordingProcessViewController.m in Sources */,
				546214CA1C023C1400729C7D /* SlideNavigationContorllerAnimatorSlideAndFade.m in Sources */,
				546214C71C023C1400729C7D /* SlideNavigationContorllerAnimatorScale.m in Sources */,
				54DC0E511C0819A700282612 /* RecordViewController.m in Sources */,
				546214C41C023C1400729C7D /* JVFloatLabeledTextView.m in Sources */,
				77552E5A1C0AD71B00C503FE /* PlayListViewController.m in Sources */,
				546214CB1C023C1400729C7D /* SlideNavigationController.m in Sources */,
				546214A41C023B7900729C7D /* SideBarViewController.m in Sources */,
				54DC0E4D1C08194200282612 /* RegisterViewController.m in Sources */,
				54DC0E3D1C0817C800282612 /* CollaborateSearchViewController.m in Sources */,
				546214C81C023C1400729C7D /* SlideNavigationContorllerAnimatorScaleAndFade.m in Sources */,
				546214C51C023C1400729C7D /* NSString+TextDirectionality.m in Sources */,
				770F73221C0B0E56003F901B /* CollaborateTableViewCell.m in Sources */,
				546214A31C023B7900729C7D /* MusicPlayerViewController.m in Sources */,
			);
			runOnlyForDeploymentPostprocessing = 0;
		};
/* End PBXSourcesBuildPhase section */

/* Begin PBXVariantGroup section */
		545767311BFE4721009FB2FC /* Main.storyboard */ = {
			isa = PBXVariantGroup;
			children = (
				545767321BFE4721009FB2FC /* Base */,
			);
			name = Main.storyboard;
			sourceTree = "<group>";
		};
		545767361BFE4721009FB2FC /* LaunchScreen.storyboard */ = {
			isa = PBXVariantGroup;
			children = (
				545767371BFE4721009FB2FC /* Base */,
			);
			name = LaunchScreen.storyboard;
			sourceTree = "<group>";
		};
/* End PBXVariantGroup section */

/* Begin XCBuildConfiguration section */
		5457673A1BFE4721009FB2FC /* Debug */ = {
			isa = XCBuildConfiguration;
			buildSettings = {
				ALWAYS_SEARCH_USER_PATHS = NO;
				CLANG_CXX_LANGUAGE_STANDARD = "gnu++0x";
				CLANG_CXX_LIBRARY = "libc++";
				CLANG_ENABLE_MODULES = YES;
				CLANG_ENABLE_OBJC_ARC = YES;
				CLANG_WARN_BOOL_CONVERSION = YES;
				CLANG_WARN_CONSTANT_CONVERSION = YES;
				CLANG_WARN_DIRECT_OBJC_ISA_USAGE = YES_ERROR;
				CLANG_WARN_EMPTY_BODY = YES;
				CLANG_WARN_ENUM_CONVERSION = YES;
				CLANG_WARN_INT_CONVERSION = YES;
				CLANG_WARN_OBJC_ROOT_CLASS = YES_ERROR;
				CLANG_WARN_UNREACHABLE_CODE = YES;
				CLANG_WARN__DUPLICATE_METHOD_MATCH = YES;
				"CODE_SIGN_IDENTITY[sdk=iphoneos*]" = "iPhone Developer";
				COPY_PHASE_STRIP = NO;
				DEBUG_INFORMATION_FORMAT = dwarf;
				ENABLE_STRICT_OBJC_MSGSEND = YES;
				ENABLE_TESTABILITY = YES;
				GCC_C_LANGUAGE_STANDARD = gnu99;
				GCC_DYNAMIC_NO_PIC = NO;
				GCC_NO_COMMON_BLOCKS = YES;
				GCC_OPTIMIZATION_LEVEL = 0;
				GCC_PREPROCESSOR_DEFINITIONS = (
					"DEBUG=1",
					"$(inherited)",
				);
				GCC_WARN_64_TO_32_BIT_CONVERSION = YES;
				GCC_WARN_ABOUT_RETURN_TYPE = YES_ERROR;
				GCC_WARN_UNDECLARED_SELECTOR = YES;
				GCC_WARN_UNINITIALIZED_AUTOS = YES_AGGRESSIVE;
				GCC_WARN_UNUSED_FUNCTION = YES;
				GCC_WARN_UNUSED_VARIABLE = YES;
				IPHONEOS_DEPLOYMENT_TARGET = 9.1;
				MTL_ENABLE_DEBUG_INFO = YES;
				ONLY_ACTIVE_ARCH = YES;
				SDKROOT = iphoneos;
				TARGETED_DEVICE_FAMILY = "1,2";
			};
			name = Debug;
		};
		5457673B1BFE4721009FB2FC /* Release */ = {
			isa = XCBuildConfiguration;
			buildSettings = {
				ALWAYS_SEARCH_USER_PATHS = NO;
				CLANG_CXX_LANGUAGE_STANDARD = "gnu++0x";
				CLANG_CXX_LIBRARY = "libc++";
				CLANG_ENABLE_MODULES = YES;
				CLANG_ENABLE_OBJC_ARC = YES;
				CLANG_WARN_BOOL_CONVERSION = YES;
				CLANG_WARN_CONSTANT_CONVERSION = YES;
				CLANG_WARN_DIRECT_OBJC_ISA_USAGE = YES_ERROR;
				CLANG_WARN_EMPTY_BODY = YES;
				CLANG_WARN_ENUM_CONVERSION = YES;
				CLANG_WARN_INT_CONVERSION = YES;
				CLANG_WARN_OBJC_ROOT_CLASS = YES_ERROR;
				CLANG_WARN_UNREACHABLE_CODE = YES;
				CLANG_WARN__DUPLICATE_METHOD_MATCH = YES;
				"CODE_SIGN_IDENTITY[sdk=iphoneos*]" = "iPhone Developer";
				COPY_PHASE_STRIP = NO;
				DEBUG_INFORMATION_FORMAT = "dwarf-with-dsym";
				ENABLE_NS_ASSERTIONS = NO;
				ENABLE_STRICT_OBJC_MSGSEND = YES;
				GCC_C_LANGUAGE_STANDARD = gnu99;
				GCC_NO_COMMON_BLOCKS = YES;
				GCC_WARN_64_TO_32_BIT_CONVERSION = YES;
				GCC_WARN_ABOUT_RETURN_TYPE = YES_ERROR;
				GCC_WARN_UNDECLARED_SELECTOR = YES;
				GCC_WARN_UNINITIALIZED_AUTOS = YES_AGGRESSIVE;
				GCC_WARN_UNUSED_FUNCTION = YES;
				GCC_WARN_UNUSED_VARIABLE = YES;
				IPHONEOS_DEPLOYMENT_TARGET = 9.1;
				MTL_ENABLE_DEBUG_INFO = NO;
				SDKROOT = iphoneos;
				TARGETED_DEVICE_FAMILY = "1,2";
				VALIDATE_PRODUCT = YES;
			};
			name = Release;
		};
		5457673D1BFE4721009FB2FC /* Debug */ = {
			isa = XCBuildConfiguration;
			buildSettings = {
				ASSETCATALOG_COMPILER_APPICON_NAME = AppIcon;
				INFOPLIST_FILE = Music/Info.plist;
				LD_RUNPATH_SEARCH_PATHS = "$(inherited) @executable_path/Frameworks";
				PRODUCT_BUNDLE_IDENTIFIER = com.defineThings.Music;
				PRODUCT_NAME = "$(TARGET_NAME)";
			};
			name = Debug;
		};
		5457673E1BFE4721009FB2FC /* Release */ = {
			isa = XCBuildConfiguration;
			buildSettings = {
				ASSETCATALOG_COMPILER_APPICON_NAME = AppIcon;
				INFOPLIST_FILE = Music/Info.plist;
				LD_RUNPATH_SEARCH_PATHS = "$(inherited) @executable_path/Frameworks";
				PRODUCT_BUNDLE_IDENTIFIER = com.defineThings.Music;
				PRODUCT_NAME = "$(TARGET_NAME)";
			};
			name = Release;
		};
/* End XCBuildConfiguration section */

/* Begin XCConfigurationList section */
		545767201BFE4721009FB2FC /* Build configuration list for PBXProject "Music" */ = {
			isa = XCConfigurationList;
			buildConfigurations = (
				5457673A1BFE4721009FB2FC /* Debug */,
				5457673B1BFE4721009FB2FC /* Release */,
			);
			defaultConfigurationIsVisible = 0;
			defaultConfigurationName = Release;
		};
		5457673C1BFE4721009FB2FC /* Build configuration list for PBXNativeTarget "Music" */ = {
			isa = XCConfigurationList;
			buildConfigurations = (
				5457673D1BFE4721009FB2FC /* Debug */,
				5457673E1BFE4721009FB2FC /* Release */,
			);
			defaultConfigurationIsVisible = 0;
			defaultConfigurationName = Release;
		};
/* End XCConfigurationList section */
	};
	rootObject = 5457671D1BFE4721009FB2FC /* Project object */;
}
